
Microsoft Visual Studio Solution File, Format Version 12.00
# Visual Studio 15
VisualStudioVersion = 15.0.28010.2036
MinimumVisualStudioVersion = 10.0.40219.1
Project("{FAE04EC0-301F-11D3-BF4B-00C04F79EFBC}") = "Hanoi Towers", "Hanoi Towers\Hanoi Towers.csproj", "{3E293743-B256-41A8-8A9F-B99BD215B81C}"
EndProject
Global
	GlobalSection(SolutionConfigurationPlatforms) = preSolution
		Debug|Any CPU = Debug|Any CPU
		Release|Any CPU = Release|Any CPU
	EndGlobalSection
	GlobalSection(ProjectConfigurationPlatforms) = postSolution
		{3E293743-B256-41A8-8A9F-B99BD215B81C}.Debug|Any CPU.ActiveCfg = Debug|Any CPU
		{3E293743-B256-41A8-8A9F-B99BD215B81C}.Debug|Any CPU.Build.0 = Debug|Any CPU
		{3E293743-B256-41A8-8A9F-B99BD215B81C}.Release|Any CPU.ActiveCfg = Release|Any CPU
		{3E293743-B256-41A8-8A9F-B99BD215B81C}.Release|Any CPU.Build.0 = Release|Any CPU
	EndGlobalSection
	GlobalSection(SolutionProperties) = preSolution
		HideSolutionNode = FALSE
	EndGlobalSection
	GlobalSection(ExtensibilityGlobals) = postSolution
		SolutionGuid = {87599E1A-E22D-4FB1-BA99-6399580D9F7D}
	EndGlobalSection
EndGlobal
